
Microsoft Visual Studio Solution File, Format Version 12.00
# Visual Studio 15
VisualStudioVersion = 15.0.27004.2006
MinimumVisualStudioVersion = 10.0.40219.1
Project("{9A19103F-16F7-4668-BE54-9A1E7A4F7556}") = "webapi", "webapi\webapi.csproj", "{D4CADAFE-24F5-46A7-B154-7779433CF2B7}"
EndProject
Project("{9A19103F-16F7-4668-BE54-9A1E7A4F7556}") = "mygolcli", "mygolcli\mygolcli.csproj", "{2CBE0279-B157-434E-BAEC-F06EE3A52479}"
EndProject
Project("{9A19103F-16F7-4668-BE54-9A1E7A4F7556}") = "contracts", "contracts\contracts.csproj", "{745484E7-DD0F-4B67-ABF4-5181924CBFA7}"
EndProject
Project("{2150E333-8FDC-42A3-9474-1A3956D46DE8}") = "Providers", "Providers", "{E22DF55C-A4E1-4F93-8CD0-1EDE217EEE1F}"
EndProject
Project("{2150E333-8FDC-42A3-9474-1A3956D46DE8}") = "Web", "Web", "{3E850447-9C9D-450B-9D25-07FBF4652C72}"
EndProject
Project("{9A19103F-16F7-4668-BE54-9A1E7A4F7556}") = "storage.disk", "storage.disk\storage.disk.csproj", "{B3AE83BF-98DD-42A8-ABA5-E3339B644B3D}"
EndProject
Project("{9A19103F-16F7-4668-BE54-9A1E7A4F7556}") = "webapi.test", "webapi.test\webapi.test.csproj", "{0CF745E1-6DE7-4DCE-983E-623F1B80A3C0}"
EndProject
Project("{2150E333-8FDC-42A3-9474-1A3956D46DE8}") = "Dapper", "Dapper", "{3391057E-34A7-424B-8C03-6B6469A09F35}"
EndProject
Project("{9A19103F-16F7-4668-BE54-9A1E7A4F7556}") = "Dapper", "Dapper\Dapper\Dapper.csproj", "{6E1FAD25-6CF8-45B7-BB5D-73E6A1ED6D97}"
EndProject
Project("{9A19103F-16F7-4668-BE54-9A1E7A4F7556}") = "Dapper.Contrib", "Dapper\Dapper.Contrib\Dapper.Contrib.csproj", "{FF3C1254-3015-4C01-8E80-F7A129BFB606}"
EndProject
Project("{FAE04EC0-301F-11D3-BF4B-00C04F79EFBC}") = "notification.firebase", "notification.firebase\notification.firebase.csproj", "{7BE4D6CE-C04B-4643-9367-264DFC9842D8}"
EndProject
Project("{FAE04EC0-301F-11D3-BF4B-00C04F79EFBC}") = "notification.email", "notification.email\notification.email.csproj", "{B17D3BDE-E63D-4D0B-8B17-97B13FB9C688}"
EndProject
Project("{FAE04EC0-301F-11D3-BF4B-00C04F79EFBC}") = "notification.sms", "notification.sms\notification.sms.csproj", "{B98FB3BC-1994-4B32-9FE2-669DD7396C70}"
EndProject
Project("{FAE04EC0-301F-11D3-BF4B-00C04F79EFBC}") = "webapi.models", "webapi.models\webapi.models.csproj", "{1506ED28-8529-40E0-8E84-7DE930D88AAA}"
EndProject
Global
	GlobalSection(SolutionConfigurationPlatforms) = preSolution
		Debug|Any CPU = Debug|Any CPU
		Release|Any CPU = Release|Any CPU
	EndGlobalSection
	GlobalSection(ProjectConfigurationPlatforms) = postSolution
		{D4CADAFE-24F5-46A7-B154-7779433CF2B7}.Debug|Any CPU.ActiveCfg = Debug|Any CPU
		{D4CADAFE-24F5-46A7-B154-7779433CF2B7}.Debug|Any CPU.Build.0 = Debug|Any CPU
		{D4CADAFE-24F5-46A7-B154-7779433CF2B7}.Release|Any CPU.ActiveCfg = Release|Any CPU
		{D4CADAFE-24F5-46A7-B154-7779433CF2B7}.Release|Any CPU.Build.0 = Release|Any CPU
		{2CBE0279-B157-434E-BAEC-F06EE3A52479}.Debug|Any CPU.ActiveCfg = Debug|Any CPU
		{2CBE0279-B157-434E-BAEC-F06EE3A52479}.Debug|Any CPU.Build.0 = Debug|Any CPU
		{2CBE0279-B157-434E-BAEC-F06EE3A52479}.Release|Any CPU.ActiveCfg = Release|Any CPU
		{2CBE0279-B157-434E-BAEC-F06EE3A52479}.Release|Any CPU.Build.0 = Release|Any CPU
		{745484E7-DD0F-4B67-ABF4-5181924CBFA7}.Debug|Any CPU.ActiveCfg = Debug|Any CPU
		{745484E7-DD0F-4B67-ABF4-5181924CBFA7}.Debug|Any CPU.Build.0 = Debug|Any CPU
		{745484E7-DD0F-4B67-ABF4-5181924CBFA7}.Release|Any CPU.ActiveCfg = Release|Any CPU
		{745484E7-DD0F-4B67-ABF4-5181924CBFA7}.Release|Any CPU.Build.0 = Release|Any CPU
		{B3AE83BF-98DD-42A8-ABA5-E3339B644B3D}.Debug|Any CPU.ActiveCfg = Debug|Any CPU
		{B3AE83BF-98DD-42A8-ABA5-E3339B644B3D}.Debug|Any CPU.Build.0 = Debug|Any CPU
		{B3AE83BF-98DD-42A8-ABA5-E3339B644B3D}.Release|Any CPU.ActiveCfg = Release|Any CPU
		{B3AE83BF-98DD-42A8-ABA5-E3339B644B3D}.Release|Any CPU.Build.0 = Release|Any CPU
		{0CF745E1-6DE7-4DCE-983E-623F1B80A3C0}.Debug|Any CPU.ActiveCfg = Debug|Any CPU
		{0CF745E1-6DE7-4DCE-983E-623F1B80A3C0}.Debug|Any CPU.Build.0 = Debug|Any CPU
		{0CF745E1-6DE7-4DCE-983E-623F1B80A3C0}.Release|Any CPU.ActiveCfg = Release|Any CPU
		{0CF745E1-6DE7-4DCE-983E-623F1B80A3C0}.Release|Any CPU.Build.0 = Release|Any CPU
		{6E1FAD25-6CF8-45B7-BB5D-73E6A1ED6D97}.Debug|Any CPU.ActiveCfg = Debug|Any CPU
		{6E1FAD25-6CF8-45B7-BB5D-73E6A1ED6D97}.Debug|Any CPU.Build.0 = Debug|Any CPU
		{6E1FAD25-6CF8-45B7-BB5D-73E6A1ED6D97}.Release|Any CPU.ActiveCfg = Release|Any CPU
		{6E1FAD25-6CF8-45B7-BB5D-73E6A1ED6D97}.Release|Any CPU.Build.0 = Release|Any CPU
		{FF3C1254-3015-4C01-8E80-F7A129BFB606}.Debug|Any CPU.ActiveCfg = Debug|Any CPU
		{FF3C1254-3015-4C01-8E80-F7A129BFB606}.Debug|Any CPU.Build.0 = Debug|Any CPU
		{FF3C1254-3015-4C01-8E80-F7A129BFB606}.Release|Any CPU.ActiveCfg = Release|Any CPU
		{FF3C1254-3015-4C01-8E80-F7A129BFB606}.Release|Any CPU.Build.0 = Release|Any CPU
		{7BE4D6CE-C04B-4643-9367-264DFC9842D8}.Debug|Any CPU.ActiveCfg = Debug|Any CPU
		{7BE4D6CE-C04B-4643-9367-264DFC9842D8}.Debug|Any CPU.Build.0 = Debug|Any CPU
		{7BE4D6CE-C04B-4643-9367-264DFC9842D8}.Release|Any CPU.ActiveCfg = Release|Any CPU
		{7BE4D6CE-C04B-4643-9367-264DFC9842D8}.Release|Any CPU.Build.0 = Release|Any CPU
		{B17D3BDE-E63D-4D0B-8B17-97B13FB9C688}.Debug|Any CPU.ActiveCfg = Debug|Any CPU
		{B17D3BDE-E63D-4D0B-8B17-97B13FB9C688}.Debug|Any CPU.Build.0 = Debug|Any CPU
		{B17D3BDE-E63D-4D0B-8B17-97B13FB9C688}.Release|Any CPU.ActiveCfg = Release|Any CPU
		{B17D3BDE-E63D-4D0B-8B17-97B13FB9C688}.Release|Any CPU.Build.0 = Release|Any CPU
		{B98FB3BC-1994-4B32-9FE2-669DD7396C70}.Debug|Any CPU.ActiveCfg = Debug|Any CPU
		{B98FB3BC-1994-4B32-9FE2-669DD7396C70}.Debug|Any CPU.Build.0 = Debug|Any CPU
		{B98FB3BC-1994-4B32-9FE2-669DD7396C70}.Release|Any CPU.ActiveCfg = Release|Any CPU
		{B98FB3BC-1994-4B32-9FE2-669DD7396C70}.Release|Any CPU.Build.0 = Release|Any CPU
		{1506ED28-8529-40E0-8E84-7DE930D88AAA}.Debug|Any CPU.ActiveCfg = Debug|Any CPU
		{1506ED28-8529-40E0-8E84-7DE930D88AAA}.Debug|Any CPU.Build.0 = Debug|Any CPU
		{1506ED28-8529-40E0-8E84-7DE930D88AAA}.Release|Any CPU.ActiveCfg = Release|Any CPU
		{1506ED28-8529-40E0-8E84-7DE930D88AAA}.Release|Any CPU.Build.0 = Release|Any CPU
	EndGlobalSection
	GlobalSection(SolutionProperties) = preSolution
		HideSolutionNode = FALSE
	EndGlobalSection
	GlobalSection(NestedProjects) = preSolution
		{D4CADAFE-24F5-46A7-B154-7779433CF2B7} = {3E850447-9C9D-450B-9D25-07FBF4652C72}
		{745484E7-DD0F-4B67-ABF4-5181924CBFA7} = {3E850447-9C9D-450B-9D25-07FBF4652C72}
		{B3AE83BF-98DD-42A8-ABA5-E3339B644B3D} = {E22DF55C-A4E1-4F93-8CD0-1EDE217EEE1F}
		{0CF745E1-6DE7-4DCE-983E-623F1B80A3C0} = {3E850447-9C9D-450B-9D25-07FBF4652C72}
		{6E1FAD25-6CF8-45B7-BB5D-73E6A1ED6D97} = {3391057E-34A7-424B-8C03-6B6469A09F35}
		{FF3C1254-3015-4C01-8E80-F7A129BFB606} = {3391057E-34A7-424B-8C03-6B6469A09F35}
		{7BE4D6CE-C04B-4643-9367-264DFC9842D8} = {E22DF55C-A4E1-4F93-8CD0-1EDE217EEE1F}
		{B17D3BDE-E63D-4D0B-8B17-97B13FB9C688} = {E22DF55C-A4E1-4F93-8CD0-1EDE217EEE1F}
		{B98FB3BC-1994-4B32-9FE2-669DD7396C70} = {E22DF55C-A4E1-4F93-8CD0-1EDE217EEE1F}
		{1506ED28-8529-40E0-8E84-7DE930D88AAA} = {3E850447-9C9D-450B-9D25-07FBF4652C72}
	EndGlobalSection
	GlobalSection(ExtensibilityGlobals) = postSolution
		SolutionGuid = {164694FF-F93F-4023-AF6C-43F9D7B8B154}
	EndGlobalSection
EndGlobal
